
Microsoft Visual Studio Solution File, Format Version 12.00
# Visual Studio Version 17
VisualStudioVersion = 17.2.32526.322
MinimumVisualStudioVersion = 10.0.40219.1
Project("{FAE04EC0-301F-11D3-BF4B-00C04F79EFBC}") = "HarryPotter", "HarryPotter.csproj", "{497B2418-38D7-4A01-89CB-FF23B65980B8}"
EndProject
Global
	GlobalSection(SolutionConfigurationPlatforms) = preSolution
		Debug|Any CPU = Debug|Any CPU
		Release|Any CPU = Release|Any CPU
	EndGlobalSection
	GlobalSection(ProjectConfigurationPlatforms) = postSolution
		{497B2418-38D7-4A01-89CB-FF23B65980B8}.Debug|Any CPU.ActiveCfg = Debug|Any CPU
		{497B2418-38D7-4A01-89CB-FF23B65980B8}.Debug|Any CPU.Build.0 = Debug|Any CPU
		{497B2418-38D7-4A01-89CB-FF23B65980B8}.Release|Any CPU.ActiveCfg = Release|Any CPU
		{497B2418-38D7-4A01-89CB-FF23B65980B8}.Release|Any CPU.Build.0 = Release|Any CPU
	EndGlobalSection
	GlobalSection(SolutionProperties) = preSolution
		HideSolutionNode = FALSE
	EndGlobalSection
	GlobalSection(ExtensibilityGlobals) = postSolution
		SolutionGuid = {8774FD94-9926-441B-9916-699FB9B3A7E7}
	EndGlobalSection
EndGlobal
